{
  "originHash" : "eb960874a1f2e8fd01ac9fc1c8e586796c5f9e1db139e30ed43a9b7be1051037",
  "pins" : [
    {
      "identity" : "braze-swift-sdk",
      "kind" : "remoteSourceControl",
      "location" : "https://github.com/braze-inc/braze-swift-sdk.git",
      "state" : {
        "revision" : "fc575bee323c5ce58e0608b0168fdc3ac8727443",
        "version" : "11.4.0"
      }
    },
    {
      "identity" : "sdwebimage",
      "kind" : "remoteSourceControl",
      "location" : "https://github.com/SDWebImage/SDWebImage.git",
      "state" : {
        "revision" : "10d06f6a33bafae8c164fbfd1f03391f6d4692b3",
        "version" : "5.20.0"
      }
    }
  ],
  "version" : 3
}
