// !$*UTF8*$!
{
	archiveVersion = 1;
	classes = {
	};
	objectVersion = 77;
	objects = {

/* Begin PBXBuildFile section */
		0B137C732D383A2A00822F5B /* BrazeKit in Frameworks */ = {isa = PBXBuildFile; productRef = 0B137C722D383A2A00822F5B /* BrazeKit */; };
		0B137C752D383B6800822F5B /* BrazeUI in Frameworks */ = {isa = PBXBuildFile; productRef = 0B137C742D383B6800822F5B /* BrazeUI */; };
/* End PBXBuildFile section */

/* Begin PBXContainerItemProxy section */
		0B1B58292D2DA53700F18D51 /* PBXContainerItemProxy */ = {
			isa = PBXContainerItemProxy;
			containerPortal = 0B1B580E2D2DA53500F18D51 /* Project object */;
			proxyType = 1;
			remoteGlobalIDString = 0B1B58152D2DA53500F18D51;
			remoteInfo = Supporty;
		};
		0B1B58332D2DA53700F18D51 /* PBXContainerItemProxy */ = {
			isa = PBXContainerItemProxy;
			containerPortal = 0B1B580E2D2DA53500F18D51 /* Project object */;
			proxyType = 1;
			remoteGlobalIDString = 0B1B58152D2DA53500F18D51;
			remoteInfo = Supporty;
		};
/* End PBXContainerItemProxy section */

/* Begin PBXFileReference section */
		0B137C7C2D383D0B00822F5B /* CustomIAMDelegate.app */ = {isa = PBXFileReference; explicitFileType = wrapper.application; includeInIndex = 0; path = CustomIAMDelegate.app; sourceTree = BUILT_PRODUCTS_DIR; };
		0B137C922D383ECB00822F5B /* CustomIAMDelegateButtonClicks.app */ = {isa = PBXFileReference; explicitFileType = wrapper.application; includeInIndex = 0; path = CustomIAMDelegateButtonClicks.app; sourceTree = BUILT_PRODUCTS_DIR; };
		0B1B58162D2DA53500F18D51 /* Supporty.app */ = {isa = PBXFileReference; explicitFileType = wrapper.application; includeInIndex = 0; path = Supporty.app; sourceTree = BUILT_PRODUCTS_DIR; };
		0B1B58282D2DA53700F18D51 /* SupportyTests.xctest */ = {isa = PBXFileReference; explicitFileType = wrapper.cfbundle; includeInIndex = 0; path = SupportyTests.xctest; sourceTree = BUILT_PRODUCTS_DIR; };
		0B1B58322D2DA53700F18D51 /* SupportyUITests.xctest */ = {isa = PBXFileReference; explicitFileType = wrapper.cfbundle; includeInIndex = 0; path = SupportyUITests.xctest; sourceTree = BUILT_PRODUCTS_DIR; };
/* End PBXFileReference section */

/* Begin PBXFileSystemSynchronizedRootGroup section */
		0B137C7D2D383D0B00822F5B /* CustomIAMDelegate */ = {
			isa = PBXFileSystemSynchronizedRootGroup;
			path = CustomIAMDelegate;
			sourceTree = "<group>";
		};
		0B137C932D383ECB00822F5B /* CustomIAMDelegateButtonClicks */ = {
			isa = PBXFileSystemSynchronizedRootGroup;
			path = CustomIAMDelegateButtonClicks;
			sourceTree = "<group>";
		};
		0B1B58182D2DA53500F18D51 /* Supporty */ = {
			isa = PBXFileSystemSynchronizedRootGroup;
			path = Supporty;
			sourceTree = "<group>";
		};
		0B1B582B2D2DA53700F18D51 /* SupportyTests */ = {
			isa = PBXFileSystemSynchronizedRootGroup;
			path = SupportyTests;
			sourceTree = "<group>";
		};
		0B1B58352D2DA53700F18D51 /* SupportyUITests */ = {
			isa = PBXFileSystemSynchronizedRootGroup;
			path = SupportyUITests;
			sourceTree = "<group>";
		};
/* End PBXFileSystemSynchronizedRootGroup section */

/* Begin PBXFrameworksBuildPhase section */
		0B137C792D383D0B00822F5B /* Frameworks */ = {
			isa = PBXFrameworksBuildPhase;
			buildActionMask = 2147483647;
			files = (
			);
			runOnlyForDeploymentPostprocessing = 0;
		};
		0B137C8F2D383ECB00822F5B /* Frameworks */ = {
			isa = PBXFrameworksBuildPhase;
			buildActionMask = 2147483647;
			files = (
			);
			runOnlyForDeploymentPostprocessing = 0;
		};
		0B1B58132D2DA53500F18D51 /* Frameworks */ = {
			isa = PBXFrameworksBuildPhase;
			buildActionMask = 2147483647;
			files = (
				0B137C732D383A2A00822F5B /* BrazeKit in Frameworks */,
				0B137C752D383B6800822F5B /* BrazeUI in Frameworks */,
			);
			runOnlyForDeploymentPostprocessing = 0;
		};
		0B1B58252D2DA53700F18D51 /* Frameworks */ = {
			isa = PBXFrameworksBuildPhase;
			buildActionMask = 2147483647;
			files = (
			);
			runOnlyForDeploymentPostprocessing = 0;
		};
		0B1B582F2D2DA53700F18D51 /* Frameworks */ = {
			isa = PBXFrameworksBuildPhase;
			buildActionMask = 2147483647;
			files = (
			);
			runOnlyForDeploymentPostprocessing = 0;
		};
/* End PBXFrameworksBuildPhase section */

/* Begin PBXGroup section */
		0B1B580D2D2DA53500F18D51 = {
			isa = PBXGroup;
			children = (
				0B1B58182D2DA53500F18D51 /* Supporty */,
				0B1B582B2D2DA53700F18D51 /* SupportyTests */,
				0B1B58352D2DA53700F18D51 /* SupportyUITests */,
				0B137C7D2D383D0B00822F5B /* CustomIAMDelegate */,
				0B137C932D383ECB00822F5B /* CustomIAMDelegateButtonClicks */,
				0B1B58172D2DA53500F18D51 /* Products */,
			);
			sourceTree = "<group>";
		};
		0B1B58172D2DA53500F18D51 /* Products */ = {
			isa = PBXGroup;
			children = (
				0B1B58162D2DA53500F18D51 /* Supporty.app */,
				0B1B58282D2DA53700F18D51 /* SupportyTests.xctest */,
				0B1B58322D2DA53700F18D51 /* SupportyUITests.xctest */,
				0B137C7C2D383D0B00822F5B /* CustomIAMDelegate.app */,
				0B137C922D383ECB00822F5B /* CustomIAMDelegateButtonClicks.app */,
			);
			name = Products;
			sourceTree = "<group>";
		};
/* End PBXGroup section */

/* Begin PBXNativeTarget section */
		0B137C7B2D383D0B00822F5B /* CustomIAMDelegate */ = {
			isa = PBXNativeTarget;
			buildConfigurationList = 0B137C892D383D0D00822F5B /* Build configuration list for PBXNativeTarget "CustomIAMDelegate" */;
			buildPhases = (
				0B137C782D383D0B00822F5B /* Sources */,
				0B137C792D383D0B00822F5B /* Frameworks */,
				0B137C7A2D383D0B00822F5B /* Resources */,
			);
			buildRules = (
			);
			dependencies = (
			);
			fileSystemSynchronizedGroups = (
				0B137C7D2D383D0B00822F5B /* CustomIAMDelegate */,
			);
			name = CustomIAMDelegate;
			packageProductDependencies = (
			);
			productName = CustomIAMDelegate;
			productReference = 0B137C7C2D383D0B00822F5B /* CustomIAMDelegate.app */;
			productType = "com.apple.product-type.application";
		};
		0B137C912D383ECB00822F5B /* CustomIAMDelegateButtonClicks */ = {
			isa = PBXNativeTarget;
			buildConfigurationList = 0B137C9F2D383ECD00822F5B /* Build configuration list for PBXNativeTarget "CustomIAMDelegateButtonClicks" */;
			buildPhases = (
				0B137C8E2D383ECB00822F5B /* Sources */,
				0B137C8F2D383ECB00822F5B /* Frameworks */,
				0B137C902D383ECB00822F5B /* Resources */,
			);
			buildRules = (
			);
			dependencies = (
			);
			fileSystemSynchronizedGroups = (
				0B137C932D383ECB00822F5B /* CustomIAMDelegateButtonClicks */,
			);
			name = CustomIAMDelegateButtonClicks;
			packageProductDependencies = (
			);
			productName = CustomIAMDelegateButtonClicks;
			productReference = 0B137C922D383ECB00822F5B /* CustomIAMDelegateButtonClicks.app */;
			productType = "com.apple.product-type.application";
		};
		0B1B58152D2DA53500F18D51 /* Supporty */ = {
			isa = PBXNativeTarget;
			buildConfigurationList = 0B1B583C2D2DA53700F18D51 /* Build configuration list for PBXNativeTarget "Supporty" */;
			buildPhases = (
				0B1B58122D2DA53500F18D51 /* Sources */,
				0B1B58132D2DA53500F18D51 /* Frameworks */,
				0B1B58142D2DA53500F18D51 /* Resources */,
			);
			buildRules = (
			);
			dependencies = (
			);
			fileSystemSynchronizedGroups = (
				0B1B58182D2DA53500F18D51 /* Supporty */,
			);
			name = Supporty;
			packageProductDependencies = (
				0B137C722D383A2A00822F5B /* BrazeKit */,
				0B137C742D383B6800822F5B /* BrazeUI */,
			);
			productName = Supporty;
			productReference = 0B1B58162D2DA53500F18D51 /* Supporty.app */;
			productType = "com.apple.product-type.application";
		};
		0B1B58272D2DA53700F18D51 /* SupportyTests */ = {
			isa = PBXNativeTarget;
			buildConfigurationList = 0B1B583F2D2DA53700F18D51 /* Build configuration list for PBXNativeTarget "SupportyTests" */;
			buildPhases = (
				0B1B58242D2DA53700F18D51 /* Sources */,
				0B1B58252D2DA53700F18D51 /* Frameworks */,
				0B1B58262D2DA53700F18D51 /* Resources */,
			);
			buildRules = (
			);
			dependencies = (
				0B1B582A2D2DA53700F18D51 /* PBXTargetDependency */,
			);
			fileSystemSynchronizedGroups = (
				0B1B582B2D2DA53700F18D51 /* SupportyTests */,
			);
			name = SupportyTests;
			packageProductDependencies = (
			);
			productName = SupportyTests;
			productReference = 0B1B58282D2DA53700F18D51 /* SupportyTests.xctest */;
			productType = "com.apple.product-type.bundle.unit-test";
		};
		0B1B58312D2DA53700F18D51 /* SupportyUITests */ = {
			isa = PBXNativeTarget;
			buildConfigurationList = 0B1B58422D2DA53700F18D51 /* Build configuration list for PBXNativeTarget "SupportyUITests" */;
			buildPhases = (
				0B1B582E2D2DA53700F18D51 /* Sources */,
				0B1B582F2D2DA53700F18D51 /* Frameworks */,
				0B1B58302D2DA53700F18D51 /* Resources */,
			);
			buildRules = (
			);
			dependencies = (
				0B1B58342D2DA53700F18D51 /* PBXTargetDependency */,
			);
			fileSystemSynchronizedGroups = (
				0B1B58352D2DA53700F18D51 /* SupportyUITests */,
			);
			name = SupportyUITests;
			packageProductDependencies = (
			);
			productName = SupportyUITests;
			productReference = 0B1B58322D2DA53700F18D51 /* SupportyUITests.xctest */;
			productType = "com.apple.product-type.bundle.ui-testing";
		};
/* End PBXNativeTarget section */

/* Begin PBXProject section */
		0B1B580E2D2DA53500F18D51 /* Project object */ = {
			isa = PBXProject;
			attributes = {
				BuildIndependentTargetsInParallel = 1;
				LastSwiftUpdateCheck = 1620;
				LastUpgradeCheck = 1620;
				TargetAttributes = {
					0B137C7B2D383D0B00822F5B = {
						CreatedOnToolsVersion = 16.2;
					};
					0B137C912D383ECB00822F5B = {
						CreatedOnToolsVersion = 16.2;
					};
					0B1B58152D2DA53500F18D51 = {
						CreatedOnToolsVersion = 16.2;
					};
					0B1B58272D2DA53700F18D51 = {
						CreatedOnToolsVersion = 16.2;
						TestTargetID = 0B1B58152D2DA53500F18D51;
					};
					0B1B58312D2DA53700F18D51 = {
						CreatedOnToolsVersion = 16.2;
						TestTargetID = 0B1B58152D2DA53500F18D51;
					};
				};
			};
			buildConfigurationList = 0B1B58112D2DA53500F18D51 /* Build configuration list for PBXProject "Supporty" */;
			developmentRegion = en;
			hasScannedForEncodings = 0;
			knownRegions = (
				en,
				Base,
			);
			mainGroup = 0B1B580D2D2DA53500F18D51;
			minimizedProjectReferenceProxies = 1;
			packageReferences = (
				0B137C712D383A2A00822F5B /* XCRemoteSwiftPackageReference "braze-swift-sdk" */,
			);
			preferredProjectObjectVersion = 77;
			productRefGroup = 0B1B58172D2DA53500F18D51 /* Products */;
			projectDirPath = "";
			projectRoot = "";
			targets = (
				0B1B58152D2DA53500F18D51 /* Supporty */,
				0B1B58272D2DA53700F18D51 /* SupportyTests */,
				0B1B58312D2DA53700F18D51 /* SupportyUITests */,
				0B137C7B2D383D0B00822F5B /* CustomIAMDelegate */,
				0B137C912D383ECB00822F5B /* CustomIAMDelegateButtonClicks */,
			);
		};
/* End PBXProject section */

/* Begin PBXResourcesBuildPhase section */
		0B137C7A2D383D0B00822F5B /* Resources */ = {
			isa = PBXResourcesBuildPhase;
			buildActionMask = 2147483647;
			files = (
			);
			runOnlyForDeploymentPostprocessing = 0;
		};
		0B137C902D383ECB00822F5B /* Resources */ = {
			isa = PBXResourcesBuildPhase;
			buildActionMask = 2147483647;
			files = (
			);
			runOnlyForDeploymentPostprocessing = 0;
		};
		0B1B58142D2DA53500F18D51 /* Resources */ = {
			isa = PBXResourcesBuildPhase;
			buildActionMask = 2147483647;
			files = (
			);
			runOnlyForDeploymentPostprocessing = 0;
		};
		0B1B58262D2DA53700F18D51 /* Resources */ = {
			isa = PBXResourcesBuildPhase;
			buildActionMask = 2147483647;
			files = (
			);
			runOnlyForDeploymentPostprocessing = 0;
		};
		0B1B58302D2DA53700F18D51 /* Resources */ = {
			isa = PBXResourcesBuildPhase;
			buildActionMask = 2147483647;
			files = (
			);
			runOnlyForDeploymentPostprocessing = 0;
		};
/* End PBXResourcesBuildPhase section */

/* Begin PBXSourcesBuildPhase section */
		0B137C782D383D0B00822F5B /* Sources */ = {
			isa = PBXSourcesBuildPhase;
			buildActionMask = 2147483647;
			files = (
			);
			runOnlyForDeploymentPostprocessing = 0;
		};
		0B137C8E2D383ECB00822F5B /* Sources */ = {
			isa = PBXSourcesBuildPhase;
			buildActionMask = 2147483647;
			files = (
			);
			runOnlyForDeploymentPostprocessing = 0;
		};
		0B1B58122D2DA53500F18D51 /* Sources */ = {
			isa = PBXSourcesBuildPhase;
			buildActionMask = 2147483647;
			files = (
			);
			runOnlyForDeploymentPostprocessing = 0;
		};
		0B1B58242D2DA53700F18D51 /* Sources */ = {
			isa = PBXSourcesBuildPhase;
			buildActionMask = 2147483647;
			files = (
			);
			runOnlyForDeploymentPostprocessing = 0;
		};
		0B1B582E2D2DA53700F18D51 /* Sources */ = {
			isa = PBXSourcesBuildPhase;
			buildActionMask = 2147483647;
			files = (
			);
			runOnlyForDeploymentPostprocessing = 0;
		};
/* End PBXSourcesBuildPhase section */

/* Begin PBXTargetDependency section */
		0B1B582A2D2DA53700F18D51 /* PBXTargetDependency */ = {
			isa = PBXTargetDependency;
			target = 0B1B58152D2DA53500F18D51 /* Supporty */;
			targetProxy = 0B1B58292D2DA53700F18D51 /* PBXContainerItemProxy */;
		};
		0B1B58342D2DA53700F18D51 /* PBXTargetDependency */ = {
			isa = PBXTargetDependency;
			target = 0B1B58152D2DA53500F18D51 /* Supporty */;
			targetProxy = 0B1B58332D2DA53700F18D51 /* PBXContainerItemProxy */;
		};
/* End PBXTargetDependency section */

/* Begin XCBuildConfiguration section */
		0B137C8A2D383D0D00822F5B /* Debug */ = {
			isa = XCBuildConfiguration;
			buildSettings = {
				ASSETCATALOG_COMPILER_APPICON_NAME = AppIcon;
				ASSETCATALOG_COMPILER_GLOBAL_ACCENT_COLOR_NAME = AccentColor;
				CODE_SIGN_STYLE = Automatic;
				CURRENT_PROJECT_VERSION = 1;
				DEVELOPMENT_ASSET_PATHS = "\"CustomIAMDelegate/Preview Content\"";
				DEVELOPMENT_TEAM = 5GLZKGNWQ3;
				ENABLE_PREVIEWS = YES;
				GENERATE_INFOPLIST_FILE = YES;
				INFOPLIST_KEY_UIApplicationSceneManifest_Generation = YES;
				INFOPLIST_KEY_UIApplicationSupportsIndirectInputEvents = YES;
				INFOPLIST_KEY_UILaunchScreen_Generation = YES;
				INFOPLIST_KEY_UISupportedInterfaceOrientations_iPad = "UIInterfaceOrientationPortrait UIInterfaceOrientationPortraitUpsideDown UIInterfaceOrientationLandscapeLeft UIInterfaceOrientationLandscapeRight";
				INFOPLIST_KEY_UISupportedInterfaceOrientations_iPhone = "UIInterfaceOrientationPortrait UIInterfaceOrientationLandscapeLeft UIInterfaceOrientationLandscapeRight";
				LD_RUNPATH_SEARCH_PATHS = (
					"$(inherited)",
					"@executable_path/Frameworks",
				);
				MARKETING_VERSION = 1.0;
				PRODUCT_BUNDLE_IDENTIFIER = braze.CustomIAMDelegate;
				PRODUCT_NAME = "$(TARGET_NAME)";
				SWIFT_EMIT_LOC_STRINGS = YES;
				SWIFT_VERSION = 5.0;
				TARGETED_DEVICE_FAMILY = "1,2";
			};
			name = Debug;
		};
		0B137C8B2D383D0D00822F5B /* Release */ = {
			isa = XCBuildConfiguration;
			buildSettings = {
				ASSETCATALOG_COMPILER_APPICON_NAME = AppIcon;
				ASSETCATALOG_COMPILER_GLOBAL_ACCENT_COLOR_NAME = AccentColor;
				CODE_SIGN_STYLE = Automatic;
				CURRENT_PROJECT_VERSION = 1;
				DEVELOPMENT_ASSET_PATHS = "\"CustomIAMDelegate/Preview Content\"";
				DEVELOPMENT_TEAM = 5GLZKGNWQ3;
				ENABLE_PREVIEWS = YES;
				GENERATE_INFOPLIST_FILE = YES;
				INFOPLIST_KEY_UIApplicationSceneManifest_Generation = YES;
				INFOPLIST_KEY_UIApplicationSupportsIndirectInputEvents = YES;
				INFOPLIST_KEY_UILaunchScreen_Generation = YES;
				INFOPLIST_KEY_UISupportedInterfaceOrientations_iPad = "UIInterfaceOrientationPortrait UIInterfaceOrientationPortraitUpsideDown UIInterfaceOrientationLandscapeLeft UIInterfaceOrientationLandscapeRight";
				INFOPLIST_KEY_UISupportedInterfaceOrientations_iPhone = "UIInterfaceOrientationPortrait UIInterfaceOrientationLandscapeLeft UIInterfaceOrientationLandscapeRight";
				LD_RUNPATH_SEARCH_PATHS = (
					"$(inherited)",
					"@executable_path/Frameworks",
				);
				MARKETING_VERSION = 1.0;
				PRODUCT_BUNDLE_IDENTIFIER = braze.CustomIAMDelegate;
				PRODUCT_NAME = "$(TARGET_NAME)";
				SWIFT_EMIT_LOC_STRINGS = YES;
				SWIFT_VERSION = 5.0;
				TARGETED_DEVICE_FAMILY = "1,2";
			};
			name = Release;
		};
		0B137CA02D383ECD00822F5B /* Debug */ = {
			isa = XCBuildConfiguration;
			buildSettings = {
				ASSETCATALOG_COMPILER_APPICON_NAME = AppIcon;
				ASSETCATALOG_COMPILER_GLOBAL_ACCENT_COLOR_NAME = AccentColor;
				CODE_SIGN_STYLE = Automatic;
				CURRENT_PROJECT_VERSION = 1;
				DEVELOPMENT_ASSET_PATHS = "\"CustomIAMDelegateButtonClicks/Preview Content\"";
				DEVELOPMENT_TEAM = 5GLZKGNWQ3;
				ENABLE_PREVIEWS = YES;
				GENERATE_INFOPLIST_FILE = YES;
				INFOPLIST_KEY_UIApplicationSceneManifest_Generation = YES;
				INFOPLIST_KEY_UIApplicationSupportsIndirectInputEvents = YES;
				INFOPLIST_KEY_UILaunchScreen_Generation = YES;
				INFOPLIST_KEY_UISupportedInterfaceOrientations_iPad = "UIInterfaceOrientationPortrait UIInterfaceOrientationPortraitUpsideDown UIInterfaceOrientationLandscapeLeft UIInterfaceOrientationLandscapeRight";
				INFOPLIST_KEY_UISupportedInterfaceOrientations_iPhone = "UIInterfaceOrientationPortrait UIInterfaceOrientationLandscapeLeft UIInterfaceOrientationLandscapeRight";
				LD_RUNPATH_SEARCH_PATHS = (
					"$(inherited)",
					"@executable_path/Frameworks",
				);
				MARKETING_VERSION = 1.0;
				PRODUCT_BUNDLE_IDENTIFIER = braze.CustomIAMDelegateButtonClicks;
				PRODUCT_NAME = "$(TARGET_NAME)";
				SWIFT_EMIT_LOC_STRINGS = YES;
				SWIFT_VERSION = 5.0;
				TARGETED_DEVICE_FAMILY = "1,2";
			};
			name = Debug;
		};
		0B137CA12D383ECD00822F5B /* Release */ = {
			isa = XCBuildConfiguration;
			buildSettings = {
				ASSETCATALOG_COMPILER_APPICON_NAME = AppIcon;
				ASSETCATALOG_COMPILER_GLOBAL_ACCENT_COLOR_NAME = AccentColor;
				CODE_SIGN_STYLE = Automatic;
				CURRENT_PROJECT_VERSION = 1;
				DEVELOPMENT_ASSET_PATHS = "\"CustomIAMDelegateButtonClicks/Preview Content\"";
				DEVELOPMENT_TEAM = 5GLZKGNWQ3;
				ENABLE_PREVIEWS = YES;
				GENERATE_INFOPLIST_FILE = YES;
				INFOPLIST_KEY_UIApplicationSceneManifest_Generation = YES;
				INFOPLIST_KEY_UIApplicationSupportsIndirectInputEvents = YES;
				INFOPLIST_KEY_UILaunchScreen_Generation = YES;
				INFOPLIST_KEY_UISupportedInterfaceOrientations_iPad = "UIInterfaceOrientationPortrait UIInterfaceOrientationPortraitUpsideDown UIInterfaceOrientationLandscapeLeft UIInterfaceOrientationLandscapeRight";
				INFOPLIST_KEY_UISupportedInterfaceOrientations_iPhone = "UIInterfaceOrientationPortrait UIInterfaceOrientationLandscapeLeft UIInterfaceOrientationLandscapeRight";
				LD_RUNPATH_SEARCH_PATHS = (
					"$(inherited)",
					"@executable_path/Frameworks",
				);
				MARKETING_VERSION = 1.0;
				PRODUCT_BUNDLE_IDENTIFIER = braze.CustomIAMDelegateButtonClicks;
				PRODUCT_NAME = "$(TARGET_NAME)";
				SWIFT_EMIT_LOC_STRINGS = YES;
				SWIFT_VERSION = 5.0;
				TARGETED_DEVICE_FAMILY = "1,2";
			};
			name = Release;
		};
		0B1B583A2D2DA53700F18D51 /* Debug */ = {
			isa = XCBuildConfiguration;
			buildSettings = {
				ALWAYS_SEARCH_USER_PATHS = NO;
				ASSETCATALOG_COMPILER_GENERATE_SWIFT_ASSET_SYMBOL_EXTENSIONS = YES;
				CLANG_ANALYZER_NONNULL = YES;
				CLANG_ANALYZER_NUMBER_OBJECT_CONVERSION = YES_AGGRESSIVE;
				CLANG_CXX_LANGUAGE_STANDARD = "gnu++20";
				CLANG_ENABLE_MODULES = YES;
				CLANG_ENABLE_OBJC_ARC = YES;
				CLANG_ENABLE_OBJC_WEAK = YES;
				CLANG_WARN_BLOCK_CAPTURE_AUTORELEASING = YES;
				CLANG_WARN_BOOL_CONVERSION = YES;
				CLANG_WARN_COMMA = YES;
				CLANG_WARN_CONSTANT_CONVERSION = YES;
				CLANG_WARN_DEPRECATED_OBJC_IMPLEMENTATIONS = YES;
				CLANG_WARN_DIRECT_OBJC_ISA_USAGE = YES_ERROR;
				CLANG_WARN_DOCUMENTATION_COMMENTS = YES;
				CLANG_WARN_EMPTY_BODY = YES;
				CLANG_WARN_ENUM_CONVERSION = YES;
				CLANG_WARN_INFINITE_RECURSION = YES;
				CLANG_WARN_INT_CONVERSION = YES;
				CLANG_WARN_NON_LITERAL_NULL_CONVERSION = YES;
				CLANG_WARN_OBJC_IMPLICIT_RETAIN_SELF = YES;
				CLANG_WARN_OBJC_LITERAL_CONVERSION = YES;
				CLANG_WARN_OBJC_ROOT_CLASS = YES_ERROR;
				CLANG_WARN_QUOTED_INCLUDE_IN_FRAMEWORK_HEADER = YES;
				CLANG_WARN_RANGE_LOOP_ANALYSIS = YES;
				CLANG_WARN_STRICT_PROTOTYPES = YES;
				CLANG_WARN_SUSPICIOUS_MOVE = YES;
				CLANG_WARN_UNGUARDED_AVAILABILITY = YES_AGGRESSIVE;
				CLANG_WARN_UNREACHABLE_CODE = YES;
				CLANG_WARN__DUPLICATE_METHOD_MATCH = YES;
				COPY_PHASE_STRIP = NO;
				DEBUG_INFORMATION_FORMAT = dwarf;
				ENABLE_STRICT_OBJC_MSGSEND = YES;
				ENABLE_TESTABILITY = YES;
				ENABLE_USER_SCRIPT_SANDBOXING = YES;
				GCC_C_LANGUAGE_STANDARD = gnu17;
				GCC_DYNAMIC_NO_PIC = NO;
				GCC_NO_COMMON_BLOCKS = YES;
				GCC_OPTIMIZATION_LEVEL = 0;
				GCC_PREPROCESSOR_DEFINITIONS = (
					"DEBUG=1",
					"$(inherited)",
				);
				GCC_WARN_64_TO_32_BIT_CONVERSION = YES;
				GCC_WARN_ABOUT_RETURN_TYPE = YES_ERROR;
				GCC_WARN_UNDECLARED_SELECTOR = YES;
				GCC_WARN_UNINITIALIZED_AUTOS = YES_AGGRESSIVE;
				GCC_WARN_UNUSED_FUNCTION = YES;
				GCC_WARN_UNUSED_VARIABLE = YES;
				IPHONEOS_DEPLOYMENT_TARGET = 18.2;
				LOCALIZATION_PREFERS_STRING_CATALOGS = YES;
				MTL_ENABLE_DEBUG_INFO = INCLUDE_SOURCE;
				MTL_FAST_MATH = YES;
				ONLY_ACTIVE_ARCH = YES;
				SDKROOT = iphoneos;
				SWIFT_ACTIVE_COMPILATION_CONDITIONS = "DEBUG $(inherited)";
				SWIFT_OPTIMIZATION_LEVEL = "-Onone";
			};
			name = Debug;
		};
		0B1B583B2D2DA53700F18D51 /* Release */ = {
			isa = XCBuildConfiguration;
			buildSettings = {
				ALWAYS_SEARCH_USER_PATHS = NO;
				ASSETCATALOG_COMPILER_GENERATE_SWIFT_ASSET_SYMBOL_EXTENSIONS = YES;
				CLANG_ANALYZER_NONNULL = YES;
				CLANG_ANALYZER_NUMBER_OBJECT_CONVERSION = YES_AGGRESSIVE;
				CLANG_CXX_LANGUAGE_STANDARD = "gnu++20";
				CLANG_ENABLE_MODULES = YES;
				CLANG_ENABLE_OBJC_ARC = YES;
				CLANG_ENABLE_OBJC_WEAK = YES;
				CLANG_WARN_BLOCK_CAPTURE_AUTORELEASING = YES;
				CLANG_WARN_BOOL_CONVERSION = YES;
				CLANG_WARN_COMMA = YES;
				CLANG_WARN_CONSTANT_CONVERSION = YES;
				CLANG_WARN_DEPRECATED_OBJC_IMPLEMENTATIONS = YES;
				CLANG_WARN_DIRECT_OBJC_ISA_USAGE = YES_ERROR;
				CLANG_WARN_DOCUMENTATION_COMMENTS = YES;
				CLANG_WARN_EMPTY_BODY = YES;
				CLANG_WARN_ENUM_CONVERSION = YES;
				CLANG_WARN_INFINITE_RECURSION = YES;
				CLANG_WARN_INT_CONVERSION = YES;
				CLANG_WARN_NON_LITERAL_NULL_CONVERSION = YES;
				CLANG_WARN_OBJC_IMPLICIT_RETAIN_SELF = YES;
				CLANG_WARN_OBJC_LITERAL_CONVERSION = YES;
				CLANG_WARN_OBJC_ROOT_CLASS = YES_ERROR;
				CLANG_WARN_QUOTED_INCLUDE_IN_FRAMEWORK_HEADER = YES;
				CLANG_WARN_RANGE_LOOP_ANALYSIS = YES;
				CLANG_WARN_STRICT_PROTOTYPES = YES;
				CLANG_WARN_SUSPICIOUS_MOVE = YES;
				CLANG_WARN_UNGUARDED_AVAILABILITY = YES_AGGRESSIVE;
				CLANG_WARN_UNREACHABLE_CODE = YES;
				CLANG_WARN__DUPLICATE_METHOD_MATCH = YES;
				COPY_PHASE_STRIP = NO;
				DEBUG_INFORMATION_FORMAT = "dwarf-with-dsym";
				ENABLE_NS_ASSERTIONS = NO;
				ENABLE_STRICT_OBJC_MSGSEND = YES;
				ENABLE_USER_SCRIPT_SANDBOXING = YES;
				GCC_C_LANGUAGE_STANDARD = gnu17;
				GCC_NO_COMMON_BLOCKS = YES;
				GCC_WARN_64_TO_32_BIT_CONVERSION = YES;
				GCC_WARN_ABOUT_RETURN_TYPE = YES_ERROR;
				GCC_WARN_UNDECLARED_SELECTOR = YES;
				GCC_WARN_UNINITIALIZED_AUTOS = YES_AGGRESSIVE;
				GCC_WARN_UNUSED_FUNCTION = YES;
				GCC_WARN_UNUSED_VARIABLE = YES;
				IPHONEOS_DEPLOYMENT_TARGET = 18.2;
				LOCALIZATION_PREFERS_STRING_CATALOGS = YES;
				MTL_ENABLE_DEBUG_INFO = NO;
				MTL_FAST_MATH = YES;
				SDKROOT = iphoneos;
				SWIFT_COMPILATION_MODE = wholemodule;
				VALIDATE_PRODUCT = YES;
			};
			name = Release;
		};
		0B1B583D2D2DA53700F18D51 /* Debug */ = {
			isa = XCBuildConfiguration;
			buildSettings = {
				ASSETCATALOG_COMPILER_APPICON_NAME = AppIcon;
				ASSETCATALOG_COMPILER_GLOBAL_ACCENT_COLOR_NAME = AccentColor;
				CODE_SIGN_STYLE = Automatic;
				CURRENT_PROJECT_VERSION = 1;
				DEVELOPMENT_ASSET_PATHS = "\"Supporty/Preview Content\"";
				DEVELOPMENT_TEAM = 5GLZKGNWQ3;
				ENABLE_PREVIEWS = YES;
				GENERATE_INFOPLIST_FILE = YES;
				INFOPLIST_KEY_UIApplicationSceneManifest_Generation = YES;
				INFOPLIST_KEY_UIApplicationSupportsIndirectInputEvents = YES;
				INFOPLIST_KEY_UILaunchScreen_Generation = YES;
				INFOPLIST_KEY_UISupportedInterfaceOrientations_iPad = "UIInterfaceOrientationPortrait UIInterfaceOrientationPortraitUpsideDown UIInterfaceOrientationLandscapeLeft UIInterfaceOrientationLandscapeRight";
				INFOPLIST_KEY_UISupportedInterfaceOrientations_iPhone = "UIInterfaceOrientationPortrait UIInterfaceOrientationLandscapeLeft UIInterfaceOrientationLandscapeRight";
				LD_RUNPATH_SEARCH_PATHS = (
					"$(inherited)",
					"@executable_path/Frameworks",
				);
				MARKETING_VERSION = 1.0;
				PRODUCT_BUNDLE_IDENTIFIER = braze.Supporty;
				PRODUCT_NAME = "$(TARGET_NAME)";
				SWIFT_EMIT_LOC_STRINGS = YES;
				SWIFT_VERSION = 5.0;
				TARGETED_DEVICE_FAMILY = "1,2";
			};
			name = Debug;
		};
		0B1B583E2D2DA53700F18D51 /* Release */ = {
			isa = XCBuildConfiguration;
			buildSettings = {
				ASSETCATALOG_COMPILER_APPICON_NAME = AppIcon;
				ASSETCATALOG_COMPILER_GLOBAL_ACCENT_COLOR_NAME = AccentColor;
				CODE_SIGN_STYLE = Automatic;
				CURRENT_PROJECT_VERSION = 1;
				DEVELOPMENT_ASSET_PATHS = "\"Supporty/Preview Content\"";
				DEVELOPMENT_TEAM = 5GLZKGNWQ3;
				ENABLE_PREVIEWS = YES;
				GENERATE_INFOPLIST_FILE = YES;
				INFOPLIST_KEY_UIApplicationSceneManifest_Generation = YES;
				INFOPLIST_KEY_UIApplicationSupportsIndirectInputEvents = YES;
				INFOPLIST_KEY_UILaunchScreen_Generation = YES;
				INFOPLIST_KEY_UISupportedInterfaceOrientations_iPad = "UIInterfaceOrientationPortrait UIInterfaceOrientationPortraitUpsideDown UIInterfaceOrientationLandscapeLeft UIInterfaceOrientationLandscapeRight";
				INFOPLIST_KEY_UISupportedInterfaceOrientations_iPhone = "UIInterfaceOrientationPortrait UIInterfaceOrientationLandscapeLeft UIInterfaceOrientationLandscapeRight";
				LD_RUNPATH_SEARCH_PATHS = (
					"$(inherited)",
					"@executable_path/Frameworks",
				);
				MARKETING_VERSION = 1.0;
				PRODUCT_BUNDLE_IDENTIFIER = braze.Supporty;
				PRODUCT_NAME = "$(TARGET_NAME)";
				SWIFT_EMIT_LOC_STRINGS = YES;
				SWIFT_VERSION = 5.0;
				TARGETED_DEVICE_FAMILY = "1,2";
			};
			name = Release;
		};
		0B1B58402D2DA53700F18D51 /* Debug */ = {
			isa = XCBuildConfiguration;
			buildSettings = {
				BUNDLE_LOADER = "$(TEST_HOST)";
				CODE_SIGN_STYLE = Automatic;
				CURRENT_PROJECT_VERSION = 1;
				DEVELOPMENT_TEAM = 5GLZKGNWQ3;
				GENERATE_INFOPLIST_FILE = YES;
				IPHONEOS_DEPLOYMENT_TARGET = 18.2;
				MARKETING_VERSION = 1.0;
				PRODUCT_BUNDLE_IDENTIFIER = braze.SupportyTests;
				PRODUCT_NAME = "$(TARGET_NAME)";
				SWIFT_EMIT_LOC_STRINGS = NO;
				SWIFT_VERSION = 5.0;
				TARGETED_DEVICE_FAMILY = "1,2";
				TEST_HOST = "$(BUILT_PRODUCTS_DIR)/Supporty.app/$(BUNDLE_EXECUTABLE_FOLDER_PATH)/Supporty";
			};
			name = Debug;
		};
		0B1B58412D2DA53700F18D51 /* Release */ = {
			isa = XCBuildConfiguration;
			buildSettings = {
				BUNDLE_LOADER = "$(TEST_HOST)";
				CODE_SIGN_STYLE = Automatic;
				CURRENT_PROJECT_VERSION = 1;
				DEVELOPMENT_TEAM = 5GLZKGNWQ3;
				GENERATE_INFOPLIST_FILE = YES;
				IPHONEOS_DEPLOYMENT_TARGET = 18.2;
				MARKETING_VERSION = 1.0;
				PRODUCT_BUNDLE_IDENTIFIER = braze.SupportyTests;
				PRODUCT_NAME = "$(TARGET_NAME)";
				SWIFT_EMIT_LOC_STRINGS = NO;
				SWIFT_VERSION = 5.0;
				TARGETED_DEVICE_FAMILY = "1,2";
				TEST_HOST = "$(BUILT_PRODUCTS_DIR)/Supporty.app/$(BUNDLE_EXECUTABLE_FOLDER_PATH)/Supporty";
			};
			name = Release;
		};
		0B1B58432D2DA53700F18D51 /* Debug */ = {
			isa = XCBuildConfiguration;
			buildSettings = {
				CODE_SIGN_STYLE = Automatic;
				CURRENT_PROJECT_VERSION = 1;
				DEVELOPMENT_TEAM = 5GLZKGNWQ3;
				GENERATE_INFOPLIST_FILE = YES;
				MARKETING_VERSION = 1.0;
				PRODUCT_BUNDLE_IDENTIFIER = braze.SupportyUITests;
				PRODUCT_NAME = "$(TARGET_NAME)";
				SWIFT_EMIT_LOC_STRINGS = NO;
				SWIFT_VERSION = 5.0;
				TARGETED_DEVICE_FAMILY = "1,2";
				TEST_TARGET_NAME = Supporty;
			};
			name = Debug;
		};
		0B1B58442D2DA53700F18D51 /* Release */ = {
			isa = XCBuildConfiguration;
			buildSettings = {
				CODE_SIGN_STYLE = Automatic;
				CURRENT_PROJECT_VERSION = 1;
				DEVELOPMENT_TEAM = 5GLZKGNWQ3;
				GENERATE_INFOPLIST_FILE = YES;
				MARKETING_VERSION = 1.0;
				PRODUCT_BUNDLE_IDENTIFIER = braze.SupportyUITests;
				PRODUCT_NAME = "$(TARGET_NAME)";
				SWIFT_EMIT_LOC_STRINGS = NO;
				SWIFT_VERSION = 5.0;
				TARGETED_DEVICE_FAMILY = "1,2";
				TEST_TARGET_NAME = Supporty;
			};
			name = Release;
		};
/* End XCBuildConfiguration section */

/* Begin XCConfigurationList section */
		0B137C892D383D0D00822F5B /* Build configuration list for PBXNativeTarget "CustomIAMDelegate" */ = {
			isa = XCConfigurationList;
			buildConfigurations = (
				0B137C8A2D383D0D00822F5B /* Debug */,
				0B137C8B2D383D0D00822F5B /* Release */,
			);
			defaultConfigurationIsVisible = 0;
			defaultConfigurationName = Release;
		};
		0B137C9F2D383ECD00822F5B /* Build configuration list for PBXNativeTarget "CustomIAMDelegateButtonClicks" */ = {
			isa = XCConfigurationList;
			buildConfigurations = (
				0B137CA02D383ECD00822F5B /* Debug */,
				0B137CA12D383ECD00822F5B /* Release */,
			);
			defaultConfigurationIsVisible = 0;
			defaultConfigurationName = Release;
		};
		0B1B58112D2DA53500F18D51 /* Build configuration list for PBXProject "Supporty" */ = {
			isa = XCConfigurationList;
			buildConfigurations = (
				0B1B583A2D2DA53700F18D51 /* Debug */,
				0B1B583B2D2DA53700F18D51 /* Release */,
			);
			defaultConfigurationIsVisible = 0;
			defaultConfigurationName = Release;
		};
		0B1B583C2D2DA53700F18D51 /* Build configuration list for PBXNativeTarget "Supporty" */ = {
			isa = XCConfigurationList;
			buildConfigurations = (
				0B1B583D2D2DA53700F18D51 /* Debug */,
				0B1B583E2D2DA53700F18D51 /* Release */,
			);
			defaultConfigurationIsVisible = 0;
			defaultConfigurationName = Release;
		};
		0B1B583F2D2DA53700F18D51 /* Build configuration list for PBXNativeTarget "SupportyTests" */ = {
			isa = XCConfigurationList;
			buildConfigurations = (
				0B1B58402D2DA53700F18D51 /* Debug */,
				0B1B58412D2DA53700F18D51 /* Release */,
			);
			defaultConfigurationIsVisible = 0;
			defaultConfigurationName = Release;
		};
		0B1B58422D2DA53700F18D51 /* Build configuration list for PBXNativeTarget "SupportyUITests" */ = {
			isa = XCConfigurationList;
			buildConfigurations = (
				0B1B58432D2DA53700F18D51 /* Debug */,
				0B1B58442D2DA53700F18D51 /* Release */,
			);
			defaultConfigurationIsVisible = 0;
			defaultConfigurationName = Release;
		};
/* End XCConfigurationList section */

/* Begin XCRemoteSwiftPackageReference section */
		0B137C712D383A2A00822F5B /* XCRemoteSwiftPackageReference "braze-swift-sdk" */ = {
			isa = XCRemoteSwiftPackageReference;
			repositoryURL = "https://github.com/braze-inc/braze-swift-sdk.git";
			requirement = {
				kind = upToNextMajorVersion;
				minimumVersion = 11.4.0;
			};
		};
/* End XCRemoteSwiftPackageReference section */

/* Begin XCSwiftPackageProductDependency section */
		0B137C722D383A2A00822F5B /* BrazeKit */ = {
			isa = XCSwiftPackageProductDependency;
			package = 0B137C712D383A2A00822F5B /* XCRemoteSwiftPackageReference "braze-swift-sdk" */;
			productName = BrazeKit;
		};
		0B137C742D383B6800822F5B /* BrazeUI */ = {
			isa = XCSwiftPackageProductDependency;
			package = 0B137C712D383A2A00822F5B /* XCRemoteSwiftPackageReference "braze-swift-sdk" */;
			productName = BrazeUI;
		};
/* End XCSwiftPackageProductDependency section */
	};
	rootObject = 0B1B580E2D2DA53500F18D51 /* Project object */;
}
